
Microsoft Visual Studio Solution File, Format Version 12.00
# Visual Studio Version 17
VisualStudioVersion = 17.11.35327.3
MinimumVisualStudioVersion = 10.0.40219.1
Project("{FAE04EC0-301F-11D3-BF4B-00C04F79EFBC}") = "CS_Product_Web_App.Server", "CS_Product_Web_App.Server\CS_Product_Web_App.Server.csproj", "{CB82185F-AF9D-425F-B6FE-88CC558C3FD6}"
EndProject
Project("{54A90642-561A-4BB1-A94E-469ADEE60C69}") = "cs_product_web_app.client", "cs_product_web_app.client\cs_product_web_app.client.esproj", "{C6F6DD89-F8AA-4C18-BFD4-84A1A3BE924B}"
EndProject
Global
	GlobalSection(SolutionConfigurationPlatforms) = preSolution
		Debug|Any CPU = Debug|Any CPU
		Release|Any CPU = Release|Any CPU
	EndGlobalSection
	GlobalSection(ProjectConfigurationPlatforms) = postSolution
		{CB82185F-AF9D-425F-B6FE-88CC558C3FD6}.Debug|Any CPU.ActiveCfg = Debug|Any CPU
		{CB82185F-AF9D-425F-B6FE-88CC558C3FD6}.Debug|Any CPU.Build.0 = Debug|Any CPU
		{CB82185F-AF9D-425F-B6FE-88CC558C3FD6}.Release|Any CPU.ActiveCfg = Release|Any CPU
		{CB82185F-AF9D-425F-B6FE-88CC558C3FD6}.Release|Any CPU.Build.0 = Release|Any CPU
		{C6F6DD89-F8AA-4C18-BFD4-84A1A3BE924B}.Debug|Any CPU.ActiveCfg = Debug|Any CPU
		{C6F6DD89-F8AA-4C18-BFD4-84A1A3BE924B}.Debug|Any CPU.Build.0 = Debug|Any CPU
		{C6F6DD89-F8AA-4C18-BFD4-84A1A3BE924B}.Debug|Any CPU.Deploy.0 = Debug|Any CPU
		{C6F6DD89-F8AA-4C18-BFD4-84A1A3BE924B}.Release|Any CPU.ActiveCfg = Release|Any CPU
		{C6F6DD89-F8AA-4C18-BFD4-84A1A3BE924B}.Release|Any CPU.Build.0 = Release|Any CPU
		{C6F6DD89-F8AA-4C18-BFD4-84A1A3BE924B}.Release|Any CPU.Deploy.0 = Release|Any CPU
	EndGlobalSection
	GlobalSection(SolutionProperties) = preSolution
		HideSolutionNode = FALSE
	EndGlobalSection
	GlobalSection(ExtensibilityGlobals) = postSolution
		SolutionGuid = {8167DB33-0186-4DF3-A97C-FFE9B21C2006}
	EndGlobalSection
EndGlobal
